
Microsoft Visual Studio Solution File, Format Version 12.00
# Visual Studio Version 17
VisualStudioVersion = 17.8.34330.188
MinimumVisualStudioVersion = 10.0.40219.1
Project("{9A19103F-16F7-4668-BE54-9A1E7A4F7556}") = "Sagaway", "Sagaway\Sagaway.csproj", "{C252010E-DADC-486D-A523-6A7A124E1DC6}"
EndProject
Project("{9A19103F-16F7-4668-BE54-9A1E7A4F7556}") = "Sagaway.Hosts.DaprActorHost", "Sagaway.Hosts.DaprActorHost\Sagaway.Hosts.DaprActorHost.csproj", "{30867041-5FFE-4D9D-801D-3EDB0F144A95}"
EndProject
Project("{9A19103F-16F7-4668-BE54-9A1E7A4F7556}") = "Sagaway.Tests", "Sagaway.Tests\Sagaway.Tests.csproj", "{7B8E3D0B-81E0-47CA-88D8-AC1C5734ABBB}"
EndProject
Project("{9A19103F-16F7-4668-BE54-9A1E7A4F7556}") = "Sagaway.Callback.Router", "Sagaway.Callback.Router\Sagaway.Callback.Router.csproj", "{3B41421B-5E7D-4E56-89D5-651188CA170E}"
EndProject
Project("{9A19103F-16F7-4668-BE54-9A1E7A4F7556}") = "Sagaway.Callback.Propagator", "Sagaway.Callback.Propagator\Sagaway.Callback.Propagator.csproj", "{F5743519-6C29-4C4F-80AC-BA5EB779E89B}"
EndProject
Project("{2150E333-8FDC-42A3-9474-1A3956D46DE8}") = "Sagaway.IntegrationTests", "Sagaway.IntegrationTests", "{DBBB1856-3CF3-45F6-8284-627DF1BA9AB1}"
EndProject
Project("{E53339B2-1760-4266-BCC7-CA923CBCF16C}") = "docker-compose", "docker-compose.dcproj", "{B57015E3-BD2C-4B95-B024-5EFCAA5668F1}"
EndProject
Project("{2150E333-8FDC-42A3-9474-1A3956D46DE8}") = "dapr", "dapr", "{F2614066-27C2-4DA8-82EC-DFA0209D3775}"
	ProjectSection(SolutionItems) = preProject
		dapr\config.yaml = dapr\config.yaml
	EndProjectSection
EndProject
Project("{2150E333-8FDC-42A3-9474-1A3956D46DE8}") = "components", "components", "{D9272F34-3167-4C17-91FF-0ABD427E7DA8}"
	ProjectSection(SolutionItems) = preProject
		dapr\components\actorsecretstore.yaml = dapr\components\actorsecretstore.yaml
		dapr\components\billing-queue.yaml = dapr\components\billing-queue.yaml
		dapr\components\booking-queue.yaml = dapr\components\booking-queue.yaml
		dapr\components\dapr-secretstore.json = dapr\components\dapr-secretstore.json
		dapr\components\inventory-queue.yaml = dapr\components\inventory-queue.yaml
		dapr\components\reservation-response-queue.yaml = dapr\components\reservation-response-queue.yaml
		dapr\components\reservationcallback.yaml = dapr\components\reservationcallback.yaml
		dapr\components\secretstore.yaml = dapr\components\secretstore.yaml
		dapr\components\statestore.yaml = dapr\components\statestore.yaml
		dapr\components\test-queue.yaml = dapr\components\test-queue.yaml
		dapr\components\test-response-queue.yaml = dapr\components\test-response-queue.yaml
		dapr\components\testcallback.yaml = dapr\components\testcallback.yaml
	EndProjectSection
EndProject
Project("{9A19103F-16F7-4668-BE54-9A1E7A4F7556}") = "Sagaway.IntegrationTests.OrchestrationService", "Sagaway.IntegrationTests\Sagaway.IntegrationTests.OrchestrationService\Sagaway.IntegrationTests.OrchestrationService.csproj", "{EDCC72CE-2288-45E6-B035-1EE8F7342CDD}"
EndProject
Project("{2150E333-8FDC-42A3-9474-1A3956D46DE8}") = "SignalREmulator", "SignalREmulator", "{F0F3C263-A7BC-48CE-A9A6-84CD48DB4850}"
	ProjectSection(SolutionItems) = preProject
		SignalREmulator\Dockerfile = SignalREmulator\Dockerfile
		SignalREmulator\settings.json = SignalREmulator\settings.json
	EndProjectSection
EndProject
Project("{9A19103F-16F7-4668-BE54-9A1E7A4F7556}") = "Sagaway.IntegrationTests.TestProject", "Sagaway.IntegrationTests\Sagaway.IntegrationTests.TestProject\Sagaway.IntegrationTests.TestProject.csproj", "{FADEA56C-46EC-414F-A594-503C421BF47C}"
EndProject
Project("{9A19103F-16F7-4668-BE54-9A1E7A4F7556}") = "Sagaway.IntegrationTests.TestService", "Sagaway.IntegrationTests\Sagaway.IntegrationTests.TestService\Sagaway.IntegrationTests.TestService.csproj", "{568B0B6C-EBF1-4222-A51E-90CF5DA349AF}"
EndProject
Project("{9A19103F-16F7-4668-BE54-9A1E7A4F7556}") = "Sagaway.ReservationDemo.BookingManagement", "Sagaway.ReservationDemo\Sagaway.ReservationDemo.BookingManagement\Sagaway.ReservationDemo.BookingManagement.csproj", "{09D92533-570D-4E3B-8D7B-E9FD3BB55E81}"
EndProject
Project("{9A19103F-16F7-4668-BE54-9A1E7A4F7556}") = "Sagaway.ReservationDemo.InventoryManagement", "Sagaway.ReservationDemo\Sagaway.ReservationDemo.InventoryManagement\Sagaway.ReservationDemo.InventoryManagement.csproj", "{49CECF77-091C-4679-A4AC-098A24C5C7BE}"
EndProject
Project("{9A19103F-16F7-4668-BE54-9A1E7A4F7556}") = "Sagaway.ReservationDemo.ReservationManager", "Sagaway.ReservationDemo\Sagaway.ReservationDemo.ReservationManager\Sagaway.ReservationDemo.ReservationManager.csproj", "{A007A380-9B32-4E4D-B8B0-F5E84E753A17}"
EndProject
Project("{9A19103F-16F7-4668-BE54-9A1E7A4F7556}") = "Sagaway.ReservationDemo.BillingManagement", "Sagaway.ReservationDemo\Sagaway.ReservationDemo.BillingManagement\Sagaway.ReservationDemo.BillingManagement.csproj", "{4C4C221E-7B30-4F2D-848E-3A0791800C11}"
EndProject
Project("{9A19103F-16F7-4668-BE54-9A1E7A4F7556}") = "Sagaway.OpenTelemetry", "Sagaway.OpenTelemetry\Sagaway.OpenTelemetry.csproj", "{E5BAA90A-9454-434B-9F95-F7AA2E2DAA86}"
EndProject
Project("{2150E333-8FDC-42A3-9474-1A3956D46DE8}") = "Docs", "Docs", "{AC0B90E8-3DB1-4E30-A81B-A487E9334E33}"
EndProject
Project("{2150E333-8FDC-42A3-9474-1A3956D46DE8}") = "gihub", "gihub", "{7D12D337-63BB-43AF-88EB-9AF71921AC6C}"
EndProject
Project("{2150E333-8FDC-42A3-9474-1A3956D46DE8}") = "workflows", "workflows", "{B962A366-5569-4C6E-AE25-707750522035}"
	ProjectSection(SolutionItems) = preProject
		.github\workflows\BuildAndPublishAllNugetPackages.yaml = .github\workflows\BuildAndPublishAllNugetPackages.yaml
		.github\workflows\BuildAndPushImages.yaml = .github\workflows\BuildAndPushImages.yaml
		.github\workflows\IntegrationTest.yaml = .github\workflows\IntegrationTest.yaml
		.github\workflows\PublishSagawayCallbackPropagatorNuGet.yaml = .github\workflows\PublishSagawayCallbackPropagatorNuGet.yaml
		.github\workflows\PublishSagawayCallbackRouter.yaml = .github\workflows\PublishSagawayCallbackRouter.yaml
		.github\workflows\PublishSagawayDaprActorHost.yaml = .github\workflows\PublishSagawayDaprActorHost.yaml
		.github\workflows\PublishSagawayNuGet.yaml = .github\workflows\PublishSagawayNuGet.yaml
		.github\workflows\PublishSagawayOpenTelemetryNuGet.yaml = .github\workflows\PublishSagawayOpenTelemetryNuGet.yaml
	EndProjectSection
EndProject
Project("{2150E333-8FDC-42A3-9474-1A3956D46DE8}") = "assets", "assets", "{EFADD2E3-FCE9-4F46-8F91-919F857B42E3}"
	ProjectSection(SolutionItems) = preProject
		assets\ackage-icon.png = assets\ackage-icon.png
	EndProjectSection
EndProject
Project("{9A19103F-16F7-4668-BE54-9A1E7A4F7556}") = "Sagaway.IntegrationTests.TestSubSagaCommunicationService", "Sagaway.IntegrationTests\Sagaway.IntegrationTests.TestSubSagaCommunicationService\Sagaway.IntegrationTests.TestSubSagaCommunicationService.csproj", "{D25065BB-282F-47CD-B2EB-4A2181860E7D}"
EndProject
Project("{FAE04EC0-301F-11D3-BF4B-00C04F79EFBC}") = "Sagaway.IntegrationTests.StepRecorderTestService", "Sagaway.IntegrationTests\Sagaway.IntegrationTests.StepRecorderTestService\Sagaway.IntegrationTests.StepRecorderTestService.csproj", "{4615A789-C36B-4CAF-9842-3872DC02E780}"
EndProject
Project("{FAE04EC0-301F-11D3-BF4B-00C04F79EFBC}") = "Sagaway.ReservationDemo.ReservationUI", "Sagaway.ReservationDemo\Sagaway.ReservationDemo.ReservationUI\Sagaway.ReservationDemo.ReservationUI.csproj", "{B820A3FC-B8DE-2C80-73C8-98B38CE54881}"
EndProject
Global
	GlobalSection(SolutionConfigurationPlatforms) = preSolution
		Debug|Any CPU = Debug|Any CPU
		Release|Any CPU = Release|Any CPU
	EndGlobalSection
	GlobalSection(ProjectConfigurationPlatforms) = postSolution
		{C252010E-DADC-486D-A523-6A7A124E1DC6}.Debug|Any CPU.ActiveCfg = Debug|Any CPU
		{C252010E-DADC-486D-A523-6A7A124E1DC6}.Debug|Any CPU.Build.0 = Debug|Any CPU
		{C252010E-DADC-486D-A523-6A7A124E1DC6}.Release|Any CPU.ActiveCfg = Release|Any CPU
		{C252010E-DADC-486D-A523-6A7A124E1DC6}.Release|Any CPU.Build.0 = Release|Any CPU
		{30867041-5FFE-4D9D-801D-3EDB0F144A95}.Debug|Any CPU.ActiveCfg = Debug|Any CPU
		{30867041-5FFE-4D9D-801D-3EDB0F144A95}.Debug|Any CPU.Build.0 = Debug|Any CPU
		{30867041-5FFE-4D9D-801D-3EDB0F144A95}.Release|Any CPU.ActiveCfg = Release|Any CPU
		{30867041-5FFE-4D9D-801D-3EDB0F144A95}.Release|Any CPU.Build.0 = Release|Any CPU
		{7B8E3D0B-81E0-47CA-88D8-AC1C5734ABBB}.Debug|Any CPU.ActiveCfg = Debug|Any CPU
		{7B8E3D0B-81E0-47CA-88D8-AC1C5734ABBB}.Debug|Any CPU.Build.0 = Debug|Any CPU
		{7B8E3D0B-81E0-47CA-88D8-AC1C5734ABBB}.Release|Any CPU.ActiveCfg = Release|Any CPU
		{7B8E3D0B-81E0-47CA-88D8-AC1C5734ABBB}.Release|Any CPU.Build.0 = Release|Any CPU
		{3B41421B-5E7D-4E56-89D5-651188CA170E}.Debug|Any CPU.ActiveCfg = Debug|Any CPU
		{3B41421B-5E7D-4E56-89D5-651188CA170E}.Debug|Any CPU.Build.0 = Debug|Any CPU
		{3B41421B-5E7D-4E56-89D5-651188CA170E}.Release|Any CPU.ActiveCfg = Release|Any CPU
		{3B41421B-5E7D-4E56-89D5-651188CA170E}.Release|Any CPU.Build.0 = Release|Any CPU
		{F5743519-6C29-4C4F-80AC-BA5EB779E89B}.Debug|Any CPU.ActiveCfg = Debug|Any CPU
		{F5743519-6C29-4C4F-80AC-BA5EB779E89B}.Debug|Any CPU.Build.0 = Debug|Any CPU
		{F5743519-6C29-4C4F-80AC-BA5EB779E89B}.Release|Any CPU.ActiveCfg = Release|Any CPU
		{F5743519-6C29-4C4F-80AC-BA5EB779E89B}.Release|Any CPU.Build.0 = Release|Any CPU
		{B57015E3-BD2C-4B95-B024-5EFCAA5668F1}.Debug|Any CPU.ActiveCfg = Debug|Any CPU
		{B57015E3-BD2C-4B95-B024-5EFCAA5668F1}.Debug|Any CPU.Build.0 = Debug|Any CPU
		{B57015E3-BD2C-4B95-B024-5EFCAA5668F1}.Release|Any CPU.ActiveCfg = Release|Any CPU
		{B57015E3-BD2C-4B95-B024-5EFCAA5668F1}.Release|Any CPU.Build.0 = Release|Any CPU
		{EDCC72CE-2288-45E6-B035-1EE8F7342CDD}.Debug|Any CPU.ActiveCfg = Debug|Any CPU
		{EDCC72CE-2288-45E6-B035-1EE8F7342CDD}.Debug|Any CPU.Build.0 = Debug|Any CPU
		{EDCC72CE-2288-45E6-B035-1EE8F7342CDD}.Release|Any CPU.ActiveCfg = Release|Any CPU
		{EDCC72CE-2288-45E6-B035-1EE8F7342CDD}.Release|Any CPU.Build.0 = Release|Any CPU
		{FADEA56C-46EC-414F-A594-503C421BF47C}.Debug|Any CPU.ActiveCfg = Debug|Any CPU
		{FADEA56C-46EC-414F-A594-503C421BF47C}.Debug|Any CPU.Build.0 = Debug|Any CPU
		{FADEA56C-46EC-414F-A594-503C421BF47C}.Release|Any CPU.ActiveCfg = Release|Any CPU
		{FADEA56C-46EC-414F-A594-503C421BF47C}.Release|Any CPU.Build.0 = Release|Any CPU
		{568B0B6C-EBF1-4222-A51E-90CF5DA349AF}.Debug|Any CPU.ActiveCfg = Debug|Any CPU
		{568B0B6C-EBF1-4222-A51E-90CF5DA349AF}.Debug|Any CPU.Build.0 = Debug|Any CPU
		{568B0B6C-EBF1-4222-A51E-90CF5DA349AF}.Release|Any CPU.ActiveCfg = Release|Any CPU
		{568B0B6C-EBF1-4222-A51E-90CF5DA349AF}.Release|Any CPU.Build.0 = Release|Any CPU
		{09D92533-570D-4E3B-8D7B-E9FD3BB55E81}.Debug|Any CPU.ActiveCfg = Debug|Any CPU
		{09D92533-570D-4E3B-8D7B-E9FD3BB55E81}.Debug|Any CPU.Build.0 = Debug|Any CPU
		{09D92533-570D-4E3B-8D7B-E9FD3BB55E81}.Release|Any CPU.ActiveCfg = Release|Any CPU
		{09D92533-570D-4E3B-8D7B-E9FD3BB55E81}.Release|Any CPU.Build.0 = Release|Any CPU
		{49CECF77-091C-4679-A4AC-098A24C5C7BE}.Debug|Any CPU.ActiveCfg = Debug|Any CPU
		{49CECF77-091C-4679-A4AC-098A24C5C7BE}.Debug|Any CPU.Build.0 = Debug|Any CPU
		{49CECF77-091C-4679-A4AC-098A24C5C7BE}.Release|Any CPU.ActiveCfg = Release|Any CPU
		{49CECF77-091C-4679-A4AC-098A24C5C7BE}.Release|Any CPU.Build.0 = Release|Any CPU
		{A007A380-9B32-4E4D-B8B0-F5E84E753A17}.Debug|Any CPU.ActiveCfg = Debug|Any CPU
		{A007A380-9B32-4E4D-B8B0-F5E84E753A17}.Debug|Any CPU.Build.0 = Debug|Any CPU
		{A007A380-9B32-4E4D-B8B0-F5E84E753A17}.Release|Any CPU.ActiveCfg = Release|Any CPU
		{A007A380-9B32-4E4D-B8B0-F5E84E753A17}.Release|Any CPU.Build.0 = Release|Any CPU
		{4C4C221E-7B30-4F2D-848E-3A0791800C11}.Debug|Any CPU.ActiveCfg = Debug|Any CPU
		{4C4C221E-7B30-4F2D-848E-3A0791800C11}.Debug|Any CPU.Build.0 = Debug|Any CPU
		{4C4C221E-7B30-4F2D-848E-3A0791800C11}.Release|Any CPU.ActiveCfg = Release|Any CPU
		{4C4C221E-7B30-4F2D-848E-3A0791800C11}.Release|Any CPU.Build.0 = Release|Any CPU
		{E5BAA90A-9454-434B-9F95-F7AA2E2DAA86}.Debug|Any CPU.ActiveCfg = Debug|Any CPU
		{E5BAA90A-9454-434B-9F95-F7AA2E2DAA86}.Debug|Any CPU.Build.0 = Debug|Any CPU
		{E5BAA90A-9454-434B-9F95-F7AA2E2DAA86}.Release|Any CPU.ActiveCfg = Release|Any CPU
		{E5BAA90A-9454-434B-9F95-F7AA2E2DAA86}.Release|Any CPU.Build.0 = Release|Any CPU
		{D25065BB-282F-47CD-B2EB-4A2181860E7D}.Debug|Any CPU.ActiveCfg = Debug|Any CPU
		{D25065BB-282F-47CD-B2EB-4A2181860E7D}.Debug|Any CPU.Build.0 = Debug|Any CPU
		{D25065BB-282F-47CD-B2EB-4A2181860E7D}.Release|Any CPU.ActiveCfg = Release|Any CPU
		{D25065BB-282F-47CD-B2EB-4A2181860E7D}.Release|Any CPU.Build.0 = Release|Any CPU
		{4615A789-C36B-4CAF-9842-3872DC02E780}.Debug|Any CPU.ActiveCfg = Debug|Any CPU
		{4615A789-C36B-4CAF-9842-3872DC02E780}.Debug|Any CPU.Build.0 = Debug|Any CPU
		{4615A789-C36B-4CAF-9842-3872DC02E780}.Release|Any CPU.ActiveCfg = Release|Any CPU
		{4615A789-C36B-4CAF-9842-3872DC02E780}.Release|Any CPU.Build.0 = Release|Any CPU
		{B820A3FC-B8DE-2C80-73C8-98B38CE54881}.Debug|Any CPU.ActiveCfg = Debug|Any CPU
		{B820A3FC-B8DE-2C80-73C8-98B38CE54881}.Debug|Any CPU.Build.0 = Debug|Any CPU
		{B820A3FC-B8DE-2C80-73C8-98B38CE54881}.Release|Any CPU.ActiveCfg = Release|Any CPU
		{B820A3FC-B8DE-2C80-73C8-98B38CE54881}.Release|Any CPU.Build.0 = Release|Any CPU
	EndGlobalSection
	GlobalSection(SolutionProperties) = preSolution
		HideSolutionNode = FALSE
	EndGlobalSection
	GlobalSection(NestedProjects) = preSolution
		{D9272F34-3167-4C17-91FF-0ABD427E7DA8} = {F2614066-27C2-4DA8-82EC-DFA0209D3775}
		{EDCC72CE-2288-45E6-B035-1EE8F7342CDD} = {DBBB1856-3CF3-45F6-8284-627DF1BA9AB1}
		{FADEA56C-46EC-414F-A594-503C421BF47C} = {DBBB1856-3CF3-45F6-8284-627DF1BA9AB1}
		{568B0B6C-EBF1-4222-A51E-90CF5DA349AF} = {DBBB1856-3CF3-45F6-8284-627DF1BA9AB1}
		{B962A366-5569-4C6E-AE25-707750522035} = {7D12D337-63BB-43AF-88EB-9AF71921AC6C}
		{D25065BB-282F-47CD-B2EB-4A2181860E7D} = {DBBB1856-3CF3-45F6-8284-627DF1BA9AB1}
		{4615A789-C36B-4CAF-9842-3872DC02E780} = {DBBB1856-3CF3-45F6-8284-627DF1BA9AB1}
	EndGlobalSection
	GlobalSection(ExtensibilityGlobals) = postSolution
		SolutionGuid = {27AF5C62-89C5-4AE2-B5DD-7DC1D1DDA605}
	EndGlobalSection
EndGlobal
