
Microsoft Visual Studio Solution File, Format Version 12.00
# Visual Studio Version 17
VisualStudioVersion = 17.8.34330.188
MinimumVisualStudioVersion = 10.0.40219.1
Project("{9A19103F-16F7-4668-BE54-9A1E7A4F7556}") = "Sagaway", "Sagaway\Sagaway.csproj", "{C252010E-DADC-486D-A523-6A7A124E1DC6}"
EndProject
Project("{9A19103F-16F7-4668-BE54-9A1E7A4F7556}") = "Sagaway.Hosts.DaprActorHost", "Sagaway.Hosts.DaprActorHost\Sagaway.Hosts.DaprActorHost.csproj", "{30867041-5FFE-4D9D-801D-3EDB0F144A95}"
EndProject
Project("{9A19103F-16F7-4668-BE54-9A1E7A4F7556}") = "Sagaway.Tests", "Sagaway.Tests\Sagaway.Tests.csproj", "{7B8E3D0B-81E0-47CA-88D8-AC1C5734ABBB}"
EndProject
Project("{9A19103F-16F7-4668-BE54-9A1E7A4F7556}") = "Sagaway.Callback.Router", "Sagaway.Callback.Router\Sagaway.Callback.Router.csproj", "{3B41421B-5E7D-4E56-89D5-651188CA170E}"
EndProject
Project("{9A19103F-16F7-4668-BE54-9A1E7A4F7556}") = "Sagaway.Callback.Propagator", "Sagaway.Callback.Propagator\Sagaway.Callback.Propagator.csproj", "{F5743519-6C29-4C4F-80AC-BA5EB779E89B}"
EndProject
Project("{2150E333-8FDC-42A3-9474-1A3956D46DE8}") = "Sagaway.IntegrationTests", "Sagaway.IntegrationTests", "{DBBB1856-3CF3-45F6-8284-627DF1BA9AB1}"
EndProject
Project("{E53339B2-1760-4266-BCC7-CA923CBCF16C}") = "docker-compose", "docker-compose.dcproj", "{B57015E3-BD2C-4B95-B024-5EFCAA5668F1}"
EndProject
Project("{2150E333-8FDC-42A3-9474-1A3956D46DE8}") = "dapr", "dapr", "{F2614066-27C2-4DA8-82EC-DFA0209D3775}"
	ProjectSection(SolutionItems) = preProject
		dapr\config.yaml = dapr\config.yaml
	EndProjectSection
EndProject
Project("{2150E333-8FDC-42A3-9474-1A3956D46DE8}") = "components", "components", "{D9272F34-3167-4C17-91FF-0ABD427E7DA8}"
	ProjectSection(SolutionItems) = preProject
		dapr\components\billing-queue.yaml = dapr\components\billing-queue.yaml
		dapr\components\booking-queue.yaml = dapr\components\booking-queue.yaml
		dapr\components\dapr-secretstore.json = dapr\components\dapr-secretstore.json
		dapr\components\inventory-queue.yaml = dapr\components\inventory-queue.yaml
		dapr\components\reservation-response-queue.yaml = dapr\components\reservation-response-queue.yaml
		dapr\components\secretstore.yaml = dapr\components\secretstore.yaml
		dapr\components\statestore.yaml = dapr\components\statestore.yaml
		dapr\components\test-queue.yaml = dapr\components\test-queue.yaml
		dapr\components\test-response-queue.yaml = dapr\components\test-response-queue.yaml
		dapr\components\testcallback.yaml = dapr\components\testcallback.yaml
	EndProjectSection
EndProject
Project("{9A19103F-16F7-4668-BE54-9A1E7A4F7556}") = "Sagaway.IntegrationTests.OrchestrationService", "Sagaway.IntegrationTests\Sagaway.IntegrationTests.OrchestrationService\Sagaway.IntegrationTests.OrchestrationService.csproj", "{EDCC72CE-2288-45E6-B035-1EE8F7342CDD}"
EndProject
Project("{2150E333-8FDC-42A3-9474-1A3956D46DE8}") = "SignalREmulator", "SignalREmulator", "{F0F3C263-A7BC-48CE-A9A6-84CD48DB4850}"
	ProjectSection(SolutionItems) = preProject
		SignalREmulator\Dockerfile = SignalREmulator\Dockerfile
		SignalREmulator\settings.json = SignalREmulator\settings.json
	EndProjectSection
EndProject
Project("{9A19103F-16F7-4668-BE54-9A1E7A4F7556}") = "Sagaway.IntegrationTests.TestProject", "Sagaway.IntegrationTests\Sagaway.IntegrationTests.TestProject\Sagaway.IntegrationTests.TestProject.csproj", "{FADEA56C-46EC-414F-A594-503C421BF47C}"
EndProject
Project("{9A19103F-16F7-4668-BE54-9A1E7A4F7556}") = "Sagaway.IntegrationTests.TestService", "Sagaway.IntegrationTests\Sagaway.IntegrationTests.TestService\Sagaway.IntegrationTests.TestService.csproj", "{568B0B6C-EBF1-4222-A51E-90CF5DA349AF}"
EndProject
Project("{2150E333-8FDC-42A3-9474-1A3956D46DE8}") = "Sagaway", "Sagaway", "{4A2310A3-C97A-4CD6-B109-0FD058A228FA}"
EndProject
Project("{9A19103F-16F7-4668-BE54-9A1E7A4F7556}") = "Sagaway.ReservationDemo.BillingManagement", "Sagaway.ReservationDemo\Sagaway.ReservationDemo.BillingManagment\Sagaway.ReservationDemo.BillingManagement.csproj", "{9B57BAFB-8A24-41C7-9EEE-6955F0AD1847}"
EndProject
Project("{9A19103F-16F7-4668-BE54-9A1E7A4F7556}") = "Sagaway.ReservationDemo.BookingManagement", "Sagaway.ReservationDemo\Sagaway.ReservationDemo.BookingManagement\Sagaway.ReservationDemo.BookingManagement.csproj", "{09D92533-570D-4E3B-8D7B-E9FD3BB55E81}"
EndProject
Project("{9A19103F-16F7-4668-BE54-9A1E7A4F7556}") = "Sagaway.ReservationDemo.InventoryManagement", "Sagaway.ReservationDemo\Sagaway.ReservationDemo.InventoryManagement\Sagaway.ReservationDemo.InventoryManagement.csproj", "{49CECF77-091C-4679-A4AC-098A24C5C7BE}"
EndProject
Project("{9A19103F-16F7-4668-BE54-9A1E7A4F7556}") = "Sagaway.ReservationDemo.ReservationManager", "Sagaway.ReservationDemo\Sagaway.ReservationDemo.ReservationManager\Sagaway.ReservationDemo.ReservationManager.csproj", "{A007A380-9B32-4E4D-B8B0-F5E84E753A17}"
EndProject
Global
	GlobalSection(SolutionConfigurationPlatforms) = preSolution
		Debug|Any CPU = Debug|Any CPU
		Release|Any CPU = Release|Any CPU
	EndGlobalSection
	GlobalSection(ProjectConfigurationPlatforms) = postSolution
		{C252010E-DADC-486D-A523-6A7A124E1DC6}.Debug|Any CPU.ActiveCfg = Debug|Any CPU
		{C252010E-DADC-486D-A523-6A7A124E1DC6}.Debug|Any CPU.Build.0 = Debug|Any CPU
		{C252010E-DADC-486D-A523-6A7A124E1DC6}.Release|Any CPU.ActiveCfg = Release|Any CPU
		{C252010E-DADC-486D-A523-6A7A124E1DC6}.Release|Any CPU.Build.0 = Release|Any CPU
		{30867041-5FFE-4D9D-801D-3EDB0F144A95}.Debug|Any CPU.ActiveCfg = Debug|Any CPU
		{30867041-5FFE-4D9D-801D-3EDB0F144A95}.Debug|Any CPU.Build.0 = Debug|Any CPU
		{30867041-5FFE-4D9D-801D-3EDB0F144A95}.Release|Any CPU.ActiveCfg = Release|Any CPU
		{30867041-5FFE-4D9D-801D-3EDB0F144A95}.Release|Any CPU.Build.0 = Release|Any CPU
		{7B8E3D0B-81E0-47CA-88D8-AC1C5734ABBB}.Debug|Any CPU.ActiveCfg = Debug|Any CPU
		{7B8E3D0B-81E0-47CA-88D8-AC1C5734ABBB}.Debug|Any CPU.Build.0 = Debug|Any CPU
		{7B8E3D0B-81E0-47CA-88D8-AC1C5734ABBB}.Release|Any CPU.ActiveCfg = Release|Any CPU
		{7B8E3D0B-81E0-47CA-88D8-AC1C5734ABBB}.Release|Any CPU.Build.0 = Release|Any CPU
		{3B41421B-5E7D-4E56-89D5-651188CA170E}.Debug|Any CPU.ActiveCfg = Debug|Any CPU
		{3B41421B-5E7D-4E56-89D5-651188CA170E}.Debug|Any CPU.Build.0 = Debug|Any CPU
		{3B41421B-5E7D-4E56-89D5-651188CA170E}.Release|Any CPU.ActiveCfg = Release|Any CPU
		{3B41421B-5E7D-4E56-89D5-651188CA170E}.Release|Any CPU.Build.0 = Release|Any CPU
		{F5743519-6C29-4C4F-80AC-BA5EB779E89B}.Debug|Any CPU.ActiveCfg = Debug|Any CPU
		{F5743519-6C29-4C4F-80AC-BA5EB779E89B}.Debug|Any CPU.Build.0 = Debug|Any CPU
		{F5743519-6C29-4C4F-80AC-BA5EB779E89B}.Release|Any CPU.ActiveCfg = Release|Any CPU
		{F5743519-6C29-4C4F-80AC-BA5EB779E89B}.Release|Any CPU.Build.0 = Release|Any CPU
		{B57015E3-BD2C-4B95-B024-5EFCAA5668F1}.Debug|Any CPU.ActiveCfg = Debug|Any CPU
		{B57015E3-BD2C-4B95-B024-5EFCAA5668F1}.Debug|Any CPU.Build.0 = Debug|Any CPU
		{B57015E3-BD2C-4B95-B024-5EFCAA5668F1}.Release|Any CPU.ActiveCfg = Release|Any CPU
		{B57015E3-BD2C-4B95-B024-5EFCAA5668F1}.Release|Any CPU.Build.0 = Release|Any CPU
		{EDCC72CE-2288-45E6-B035-1EE8F7342CDD}.Debug|Any CPU.ActiveCfg = Debug|Any CPU
		{EDCC72CE-2288-45E6-B035-1EE8F7342CDD}.Debug|Any CPU.Build.0 = Debug|Any CPU
		{EDCC72CE-2288-45E6-B035-1EE8F7342CDD}.Release|Any CPU.ActiveCfg = Release|Any CPU
		{EDCC72CE-2288-45E6-B035-1EE8F7342CDD}.Release|Any CPU.Build.0 = Release|Any CPU
		{FADEA56C-46EC-414F-A594-503C421BF47C}.Debug|Any CPU.ActiveCfg = Debug|Any CPU
		{FADEA56C-46EC-414F-A594-503C421BF47C}.Debug|Any CPU.Build.0 = Debug|Any CPU
		{FADEA56C-46EC-414F-A594-503C421BF47C}.Release|Any CPU.ActiveCfg = Release|Any CPU
		{FADEA56C-46EC-414F-A594-503C421BF47C}.Release|Any CPU.Build.0 = Release|Any CPU
		{568B0B6C-EBF1-4222-A51E-90CF5DA349AF}.Debug|Any CPU.ActiveCfg = Debug|Any CPU
		{568B0B6C-EBF1-4222-A51E-90CF5DA349AF}.Debug|Any CPU.Build.0 = Debug|Any CPU
		{568B0B6C-EBF1-4222-A51E-90CF5DA349AF}.Release|Any CPU.ActiveCfg = Release|Any CPU
		{568B0B6C-EBF1-4222-A51E-90CF5DA349AF}.Release|Any CPU.Build.0 = Release|Any CPU
		{9B57BAFB-8A24-41C7-9EEE-6955F0AD1847}.Debug|Any CPU.ActiveCfg = Debug|Any CPU
		{9B57BAFB-8A24-41C7-9EEE-6955F0AD1847}.Debug|Any CPU.Build.0 = Debug|Any CPU
		{9B57BAFB-8A24-41C7-9EEE-6955F0AD1847}.Release|Any CPU.ActiveCfg = Release|Any CPU
		{9B57BAFB-8A24-41C7-9EEE-6955F0AD1847}.Release|Any CPU.Build.0 = Release|Any CPU
		{09D92533-570D-4E3B-8D7B-E9FD3BB55E81}.Debug|Any CPU.ActiveCfg = Debug|Any CPU
		{09D92533-570D-4E3B-8D7B-E9FD3BB55E81}.Debug|Any CPU.Build.0 = Debug|Any CPU
		{09D92533-570D-4E3B-8D7B-E9FD3BB55E81}.Release|Any CPU.ActiveCfg = Release|Any CPU
		{09D92533-570D-4E3B-8D7B-E9FD3BB55E81}.Release|Any CPU.Build.0 = Release|Any CPU
		{49CECF77-091C-4679-A4AC-098A24C5C7BE}.Debug|Any CPU.ActiveCfg = Debug|Any CPU
		{49CECF77-091C-4679-A4AC-098A24C5C7BE}.Debug|Any CPU.Build.0 = Debug|Any CPU
		{49CECF77-091C-4679-A4AC-098A24C5C7BE}.Release|Any CPU.ActiveCfg = Release|Any CPU
		{49CECF77-091C-4679-A4AC-098A24C5C7BE}.Release|Any CPU.Build.0 = Release|Any CPU
		{A007A380-9B32-4E4D-B8B0-F5E84E753A17}.Debug|Any CPU.ActiveCfg = Debug|Any CPU
		{A007A380-9B32-4E4D-B8B0-F5E84E753A17}.Debug|Any CPU.Build.0 = Debug|Any CPU
		{A007A380-9B32-4E4D-B8B0-F5E84E753A17}.Release|Any CPU.ActiveCfg = Release|Any CPU
		{A007A380-9B32-4E4D-B8B0-F5E84E753A17}.Release|Any CPU.Build.0 = Release|Any CPU
	EndGlobalSection
	GlobalSection(SolutionProperties) = preSolution
		HideSolutionNode = FALSE
	EndGlobalSection
	GlobalSection(NestedProjects) = preSolution
		{D9272F34-3167-4C17-91FF-0ABD427E7DA8} = {F2614066-27C2-4DA8-82EC-DFA0209D3775}
		{EDCC72CE-2288-45E6-B035-1EE8F7342CDD} = {DBBB1856-3CF3-45F6-8284-627DF1BA9AB1}
		{FADEA56C-46EC-414F-A594-503C421BF47C} = {DBBB1856-3CF3-45F6-8284-627DF1BA9AB1}
		{568B0B6C-EBF1-4222-A51E-90CF5DA349AF} = {DBBB1856-3CF3-45F6-8284-627DF1BA9AB1}
		{9B57BAFB-8A24-41C7-9EEE-6955F0AD1847} = {4A2310A3-C97A-4CD6-B109-0FD058A228FA}
		{09D92533-570D-4E3B-8D7B-E9FD3BB55E81} = {4A2310A3-C97A-4CD6-B109-0FD058A228FA}
		{49CECF77-091C-4679-A4AC-098A24C5C7BE} = {4A2310A3-C97A-4CD6-B109-0FD058A228FA}
		{A007A380-9B32-4E4D-B8B0-F5E84E753A17} = {4A2310A3-C97A-4CD6-B109-0FD058A228FA}
	EndGlobalSection
	GlobalSection(ExtensibilityGlobals) = postSolution
		SolutionGuid = {27AF5C62-89C5-4AE2-B5DD-7DC1D1DDA605}
	EndGlobalSection
EndGlobal
