Microsoft Visual Studio Solution File, Format Version 12.00
# Visual Studio Version 17
VisualStudioVersion = 17.5.2.0
MinimumVisualStudioVersion = 10.0.40219.1
Project("{FAE04EC0-301F-11D3-BF4B-00C04F79EFBC}") = "Sagaway.ReservationDemo.ReservationUI", "Sagaway.ReservationDemo.ReservationUI.csproj", "{3301C64B-430F-BCF5-ACE5-D12349FF6C83}"
EndProject
Global
	GlobalSection(SolutionConfigurationPlatforms) = preSolution
		Debug|Any CPU = Debug|Any CPU
		Release|Any CPU = Release|Any CPU
	EndGlobalSection
	GlobalSection(ProjectConfigurationPlatforms) = postSolution
		{3301C64B-430F-BCF5-ACE5-D12349FF6C83}.Debug|Any CPU.ActiveCfg = Debug|Any CPU
		{3301C64B-430F-BCF5-ACE5-D12349FF6C83}.Debug|Any CPU.Build.0 = Debug|Any CPU
		{3301C64B-430F-BCF5-ACE5-D12349FF6C83}.Release|Any CPU.ActiveCfg = Release|Any CPU
		{3301C64B-430F-BCF5-ACE5-D12349FF6C83}.Release|Any CPU.Build.0 = Release|Any CPU
	EndGlobalSection
	GlobalSection(SolutionProperties) = preSolution
		HideSolutionNode = FALSE
	EndGlobalSection
	GlobalSection(ExtensibilityGlobals) = postSolution
		SolutionGuid = {8BF5D552-C817-4B1A-A48D-8082CB6FB9AC}
	EndGlobalSection
EndGlobal
